
Microsoft Visual Studio Solution File, Format Version 12.00
# Visual Studio 15
VisualStudioVersion = 15.0.28010.2026
MinimumVisualStudioVersion = 10.0.40219.1
Project("{FAE04EC0-301F-11D3-BF4B-00C04F79EFBC}") = "Opdracht 0", "Opdracht 0\Opdracht 0.csproj", "{BDC39BE2-3525-4B4E-981B-FCA3B445E1B7}"
EndProject
Project("{FAE04EC0-301F-11D3-BF4B-00C04F79EFBC}") = "Opdracht 1", "Opdracht 1\Opdracht 1.csproj", "{15788278-05F5-407C-A13F-D5D5506CB627}"
EndProject
Global
	GlobalSection(SolutionConfigurationPlatforms) = preSolution
		Debug|Any CPU = Debug|Any CPU
		Release|Any CPU = Release|Any CPU
	EndGlobalSection
	GlobalSection(ProjectConfigurationPlatforms) = postSolution
		{BDC39BE2-3525-4B4E-981B-FCA3B445E1B7}.Debug|Any CPU.ActiveCfg = Debug|Any CPU
		{BDC39BE2-3525-4B4E-981B-FCA3B445E1B7}.Debug|Any CPU.Build.0 = Debug|Any CPU
		{BDC39BE2-3525-4B4E-981B-FCA3B445E1B7}.Release|Any CPU.ActiveCfg = Release|Any CPU
		{BDC39BE2-3525-4B4E-981B-FCA3B445E1B7}.Release|Any CPU.Build.0 = Release|Any CPU
		{15788278-05F5-407C-A13F-D5D5506CB627}.Debug|Any CPU.ActiveCfg = Debug|Any CPU
		{15788278-05F5-407C-A13F-D5D5506CB627}.Debug|Any CPU.Build.0 = Debug|Any CPU
		{15788278-05F5-407C-A13F-D5D5506CB627}.Release|Any CPU.ActiveCfg = Release|Any CPU
		{15788278-05F5-407C-A13F-D5D5506CB627}.Release|Any CPU.Build.0 = Release|Any CPU
	EndGlobalSection
	GlobalSection(SolutionProperties) = preSolution
		HideSolutionNode = FALSE
	EndGlobalSection
	GlobalSection(ExtensibilityGlobals) = postSolution
		SolutionGuid = {9F630CE6-BAA7-4C25-BD6C-FC853284F18A}
	EndGlobalSection
EndGlobal
